{
  "name": "pglite-local-script",
  "version": "1.0.0",
  "lockfileVersion": 3,
  "requires": true,
  "packages": {
    "": {
      "name": "pglite-local-script",
      "version": "1.0.0",
      "dependencies": {
        "@electric-sql/pglite": "^0.5.1"
      }
    },
    "node_modules/@electric-sql/pglite": {
      "version": "0.5.1",
      "resolved": "https://registry.npmjs.org/@electric-sql/pglite/-/pglite-0.5.1.tgz",
      "integrity": "sha512-h2Vc+qkQqsEL5kvyN5nBAxn3Vbyvka7QfDW7Io+CdcwU1+X8JbCAN2og+5dI11S3eJuDfroUCxzJaap6k+ezEw==",
      "license": "Apache-2.0"
    }
  }
}
